
Microsoft Visual Studio Solution File, Format Version 12.00
# Visual Studio Version 16
VisualStudioVersion = 16.0.30413.136
MinimumVisualStudioVersion = 10.0.40219.1
Project("{FAE04EC0-301F-11D3-BF4B-00C04F79EFBC}") = "Election_Commission_Panel", "Election_Commission_Panel\Election_Commission_Panel.csproj", "{91863471-DB65-4DF7-8947-54CDCB067BD1}"
EndProject
Global
	GlobalSection(SolutionConfigurationPlatforms) = preSolution
		Debug|Any CPU = Debug|Any CPU
		Release|Any CPU = Release|Any CPU
	EndGlobalSection
	GlobalSection(ProjectConfigurationPlatforms) = postSolution
		{91863471-DB65-4DF7-8947-54CDCB067BD1}.Debug|Any CPU.ActiveCfg = Debug|Any CPU
		{91863471-DB65-4DF7-8947-54CDCB067BD1}.Debug|Any CPU.Build.0 = Debug|Any CPU
		{91863471-DB65-4DF7-8947-54CDCB067BD1}.Release|Any CPU.ActiveCfg = Release|Any CPU
		{91863471-DB65-4DF7-8947-54CDCB067BD1}.Release|Any CPU.Build.0 = Release|Any CPU
	EndGlobalSection
	GlobalSection(SolutionProperties) = preSolution
		HideSolutionNode = FALSE
	EndGlobalSection
	GlobalSection(ExtensibilityGlobals) = postSolution
		SolutionGuid = {6956135C-F477-4908-A859-36BCDA2C0BB9}
	EndGlobalSection
EndGlobal
